
Microsoft Visual Studio Solution File, Format Version 12.00
# Visual Studio Version 16
VisualStudioVersion = 16.0.29905.134
MinimumVisualStudioVersion = 10.0.40219.1
Project("{9A19103F-16F7-4668-BE54-9A1E7A4F7556}") = "Inventary", "Inventary\Inventary.csproj", "{C4BF01D3-2893-496A-87C4-182C85B52C15}"
EndProject
Project("{9A19103F-16F7-4668-BE54-9A1E7A4F7556}") = "Entities", "Entities\Entities.csproj", "{DE3B1A02-46C6-43F8-AB49-B5ED773DF6D4}"
EndProject
Project("{9A19103F-16F7-4668-BE54-9A1E7A4F7556}") = "DataAcces", "DataAcces\DataAcces.csproj", "{77B3B6FB-E964-46C9-B5D2-AA901C6EEEA4}"
EndProject
Project("{9A19103F-16F7-4668-BE54-9A1E7A4F7556}") = "Bussines", "Bussines\Bussines.csproj", "{F0F22803-0089-4336-88B5-78E76E13E6AB}"
EndProject
Global
	GlobalSection(SolutionConfigurationPlatforms) = preSolution
		Debug|Any CPU = Debug|Any CPU
		Release|Any CPU = Release|Any CPU
	EndGlobalSection
	GlobalSection(ProjectConfigurationPlatforms) = postSolution
		{C4BF01D3-2893-496A-87C4-182C85B52C15}.Debug|Any CPU.ActiveCfg = Debug|Any CPU
		{C4BF01D3-2893-496A-87C4-182C85B52C15}.Debug|Any CPU.Build.0 = Debug|Any CPU
		{C4BF01D3-2893-496A-87C4-182C85B52C15}.Release|Any CPU.ActiveCfg = Release|Any CPU
		{C4BF01D3-2893-496A-87C4-182C85B52C15}.Release|Any CPU.Build.0 = Release|Any CPU
		{DE3B1A02-46C6-43F8-AB49-B5ED773DF6D4}.Debug|Any CPU.ActiveCfg = Debug|Any CPU
		{DE3B1A02-46C6-43F8-AB49-B5ED773DF6D4}.Debug|Any CPU.Build.0 = Debug|Any CPU
		{DE3B1A02-46C6-43F8-AB49-B5ED773DF6D4}.Release|Any CPU.ActiveCfg = Release|Any CPU
		{DE3B1A02-46C6-43F8-AB49-B5ED773DF6D4}.Release|Any CPU.Build.0 = Release|Any CPU
		{77B3B6FB-E964-46C9-B5D2-AA901C6EEEA4}.Debug|Any CPU.ActiveCfg = Debug|Any CPU
		{77B3B6FB-E964-46C9-B5D2-AA901C6EEEA4}.Debug|Any CPU.Build.0 = Debug|Any CPU
		{77B3B6FB-E964-46C9-B5D2-AA901C6EEEA4}.Release|Any CPU.ActiveCfg = Release|Any CPU
		{77B3B6FB-E964-46C9-B5D2-AA901C6EEEA4}.Release|Any CPU.Build.0 = Release|Any CPU
		{F0F22803-0089-4336-88B5-78E76E13E6AB}.Debug|Any CPU.ActiveCfg = Debug|Any CPU
		{F0F22803-0089-4336-88B5-78E76E13E6AB}.Debug|Any CPU.Build.0 = Debug|Any CPU
		{F0F22803-0089-4336-88B5-78E76E13E6AB}.Release|Any CPU.ActiveCfg = Release|Any CPU
		{F0F22803-0089-4336-88B5-78E76E13E6AB}.Release|Any CPU.Build.0 = Release|Any CPU
	EndGlobalSection
	GlobalSection(SolutionProperties) = preSolution
		HideSolutionNode = FALSE
	EndGlobalSection
	GlobalSection(ExtensibilityGlobals) = postSolution
		SolutionGuid = {DCD24749-10DA-4B37-8186-FE89C49FA910}
	EndGlobalSection
EndGlobal
